
Microsoft Visual Studio Solution File, Format Version 12.00
# Visual Studio Version 18
VisualStudioVersion = 18.0.11111.16
MinimumVisualStudioVersion = 10.0.40219.1
Project("{2150E333-8FDC-42A3-9474-1A3956D46DE8}") = "Common", "Common", "{254DA082-8E4D-49DF-9CF6-FB2D17D9F45F}"
EndProject
Project("{2150E333-8FDC-42A3-9474-1A3956D46DE8}") = "SRC", "SRC", "{6F89D2F7-1CFC-4D8D-B7CF-580A21424241}"
EndProject
Project("{FAE04EC0-301F-11D3-BF4B-00C04F79EFBC}") = "DesignPatterns.Creational", "SRC\DesignPatterns.Creational\DesignPatterns.Creational.csproj", "{BB6842E7-D2E4-4547-97DF-84021FA5FD99}"
EndProject
Project("{FAE04EC0-301F-11D3-BF4B-00C04F79EFBC}") = "DesignPatterns.Structural", "SRC\DesignPatterns.Structural\DesignPatterns.Structural.csproj", "{2DA9BA08-2D23-4EE9-B659-49760F855AC4}"
EndProject
Project("{FAE04EC0-301F-11D3-BF4B-00C04F79EFBC}") = "DesignPatterns.Behavioral", "SRC\DesignPatterns.Behavioral\DesignPatterns.Behavioral.csproj", "{88611892-8713-446E-8BBA-73835E32E04C}"
EndProject
Project("{FAE04EC0-301F-11D3-BF4B-00C04F79EFBC}") = "DesignPatterns.Common", "SRC\DesignPatterns.Common\DesignPatterns.Common.csproj", "{27FDCA52-68C3-45C3-9B25-9657E3AFA3D3}"
EndProject
Project("{FAE04EC0-301F-11D3-BF4B-00C04F79EFBC}") = "DesignPatterns.Presentation", "SRC\DesignPatterns.Presentation\DesignPatterns.Presentation.csproj", "{C07200CB-0434-2933-BF1A-B07639A784DD}"
EndProject
Project("{FAE04EC0-301F-11D3-BF4B-00C04F79EFBC}") = "DesignPatterns.AppHost", "DesignPatterns.AppHost\DesignPatterns.AppHost.csproj", "{17EDD711-454A-4B7E-8D84-8576FF6A0FD9}"
EndProject
Project("{FAE04EC0-301F-11D3-BF4B-00C04F79EFBC}") = "DesignPatterns.ServiceDefaults", "DesignPatterns.ServiceDefaults\DesignPatterns.ServiceDefaults.csproj", "{CC4F1CCB-DD98-96B2-0C40-DB076CEADDE8}"
EndProject
Global
	GlobalSection(SolutionConfigurationPlatforms) = preSolution
		Debug|Any CPU = Debug|Any CPU
		Release|Any CPU = Release|Any CPU
	EndGlobalSection
	GlobalSection(ProjectConfigurationPlatforms) = postSolution
		{BB6842E7-D2E4-4547-97DF-84021FA5FD99}.Debug|Any CPU.ActiveCfg = Debug|Any CPU
		{BB6842E7-D2E4-4547-97DF-84021FA5FD99}.Debug|Any CPU.Build.0 = Debug|Any CPU
		{BB6842E7-D2E4-4547-97DF-84021FA5FD99}.Release|Any CPU.ActiveCfg = Release|Any CPU
		{BB6842E7-D2E4-4547-97DF-84021FA5FD99}.Release|Any CPU.Build.0 = Release|Any CPU
		{2DA9BA08-2D23-4EE9-B659-49760F855AC4}.Debug|Any CPU.ActiveCfg = Debug|Any CPU
		{2DA9BA08-2D23-4EE9-B659-49760F855AC4}.Debug|Any CPU.Build.0 = Debug|Any CPU
		{2DA9BA08-2D23-4EE9-B659-49760F855AC4}.Release|Any CPU.ActiveCfg = Release|Any CPU
		{2DA9BA08-2D23-4EE9-B659-49760F855AC4}.Release|Any CPU.Build.0 = Release|Any CPU
		{88611892-8713-446E-8BBA-73835E32E04C}.Debug|Any CPU.ActiveCfg = Debug|Any CPU
		{88611892-8713-446E-8BBA-73835E32E04C}.Debug|Any CPU.Build.0 = Debug|Any CPU
		{88611892-8713-446E-8BBA-73835E32E04C}.Release|Any CPU.ActiveCfg = Release|Any CPU
		{88611892-8713-446E-8BBA-73835E32E04C}.Release|Any CPU.Build.0 = Release|Any CPU
		{27FDCA52-68C3-45C3-9B25-9657E3AFA3D3}.Debug|Any CPU.ActiveCfg = Debug|Any CPU
		{27FDCA52-68C3-45C3-9B25-9657E3AFA3D3}.Debug|Any CPU.Build.0 = Debug|Any CPU
		{27FDCA52-68C3-45C3-9B25-9657E3AFA3D3}.Release|Any CPU.ActiveCfg = Release|Any CPU
		{27FDCA52-68C3-45C3-9B25-9657E3AFA3D3}.Release|Any CPU.Build.0 = Release|Any CPU
		{C07200CB-0434-2933-BF1A-B07639A784DD}.Debug|Any CPU.ActiveCfg = Debug|Any CPU
		{C07200CB-0434-2933-BF1A-B07639A784DD}.Debug|Any CPU.Build.0 = Debug|Any CPU
		{C07200CB-0434-2933-BF1A-B07639A784DD}.Release|Any CPU.ActiveCfg = Release|Any CPU
		{C07200CB-0434-2933-BF1A-B07639A784DD}.Release|Any CPU.Build.0 = Release|Any CPU
		{17EDD711-454A-4B7E-8D84-8576FF6A0FD9}.Debug|Any CPU.ActiveCfg = Debug|Any CPU
		{17EDD711-454A-4B7E-8D84-8576FF6A0FD9}.Debug|Any CPU.Build.0 = Debug|Any CPU
		{17EDD711-454A-4B7E-8D84-8576FF6A0FD9}.Release|Any CPU.ActiveCfg = Release|Any CPU
		{17EDD711-454A-4B7E-8D84-8576FF6A0FD9}.Release|Any CPU.Build.0 = Release|Any CPU
		{CC4F1CCB-DD98-96B2-0C40-DB076CEADDE8}.Debug|Any CPU.ActiveCfg = Debug|Any CPU
		{CC4F1CCB-DD98-96B2-0C40-DB076CEADDE8}.Debug|Any CPU.Build.0 = Debug|Any CPU
		{CC4F1CCB-DD98-96B2-0C40-DB076CEADDE8}.Release|Any CPU.ActiveCfg = Release|Any CPU
		{CC4F1CCB-DD98-96B2-0C40-DB076CEADDE8}.Release|Any CPU.Build.0 = Release|Any CPU
	EndGlobalSection
	GlobalSection(SolutionProperties) = preSolution
		HideSolutionNode = FALSE
	EndGlobalSection
	GlobalSection(NestedProjects) = preSolution
		{BB6842E7-D2E4-4547-97DF-84021FA5FD99} = {6F89D2F7-1CFC-4D8D-B7CF-580A21424241}
		{2DA9BA08-2D23-4EE9-B659-49760F855AC4} = {6F89D2F7-1CFC-4D8D-B7CF-580A21424241}
		{88611892-8713-446E-8BBA-73835E32E04C} = {6F89D2F7-1CFC-4D8D-B7CF-580A21424241}
		{27FDCA52-68C3-45C3-9B25-9657E3AFA3D3} = {6F89D2F7-1CFC-4D8D-B7CF-580A21424241}
		{C07200CB-0434-2933-BF1A-B07639A784DD} = {6F89D2F7-1CFC-4D8D-B7CF-580A21424241}
	EndGlobalSection
	GlobalSection(ExtensibilityGlobals) = postSolution
		SolutionGuid = {9EB29E51-593F-4AB1-B452-4A16BA3AF765}
	EndGlobalSection
EndGlobal
